
Microsoft Visual Studio Solution File, Format Version 12.00
# Visual Studio 2012
Project("{FAE04EC0-301F-11D3-BF4B-00C04F79EFBC}") = "Core", "Core\Core.csproj", "{FEF88359-A0CB-421E-B99A-9EAF6C388DA4}"
EndProject
Project("{FAE04EC0-301F-11D3-BF4B-00C04F79EFBC}") = "Core.UnitTests", "Core.UnitTests\Core.UnitTests.csproj", "{DF356C37-EC82-47E6-9D84-1BE0B9CB68F4}"
EndProject
Global
	GlobalSection(SolutionConfigurationPlatforms) = preSolution
		Debug|Any CPU = Debug|Any CPU
		Release|Any CPU = Release|Any CPU
	EndGlobalSection
	GlobalSection(ProjectConfigurationPlatforms) = postSolution
		{FEF88359-A0CB-421E-B99A-9EAF6C388DA4}.Debug|Any CPU.ActiveCfg = Debug|Any CPU
		{FEF88359-A0CB-421E-B99A-9EAF6C388DA4}.Debug|Any CPU.Build.0 = Debug|Any CPU
		{FEF88359-A0CB-421E-B99A-9EAF6C388DA4}.Release|Any CPU.ActiveCfg = Release|Any CPU
		{FEF88359-A0CB-421E-B99A-9EAF6C388DA4}.Release|Any CPU.Build.0 = Release|Any CPU
		{DF356C37-EC82-47E6-9D84-1BE0B9CB68F4}.Debug|Any CPU.ActiveCfg = Debug|Any CPU
		{DF356C37-EC82-47E6-9D84-1BE0B9CB68F4}.Debug|Any CPU.Build.0 = Debug|Any CPU
		{DF356C37-EC82-47E6-9D84-1BE0B9CB68F4}.Release|Any CPU.ActiveCfg = Release|Any CPU
		{DF356C37-EC82-47E6-9D84-1BE0B9CB68F4}.Release|Any CPU.Build.0 = Release|Any CPU
	EndGlobalSection
	GlobalSection(SolutionProperties) = preSolution
		HideSolutionNode = FALSE
	EndGlobalSection
EndGlobal
